
Microsoft Visual Studio Solution File, Format Version 12.00
# Visual Studio 14
VisualStudioVersion = 14.0.25420.1
MinimumVisualStudioVersion = 10.0.40219.1
Project("{FAE04EC0-301F-11D3-BF4B-00C04F79EFBC}") = "Vidly.Web", "Vidly.Web\Vidly.Web.csproj", "{8BF24220-AE8D-429F-9084-C509946399B0}"
EndProject
Project("{FAE04EC0-301F-11D3-BF4B-00C04F79EFBC}") = "Vidly.Entity", "Vidly.Entity\Vidly.Entity.csproj", "{C9814E5B-1099-4748-B8EF-7064CCB208AA}"
EndProject
Project("{FAE04EC0-301F-11D3-BF4B-00C04F79EFBC}") = "Vidly.Database", "Vidly.Database\Vidly.Database.csproj", "{53110B7D-5384-4210-869B-4CD3FF0AA435}"
EndProject
Project("{FAE04EC0-301F-11D3-BF4B-00C04F79EFBC}") = "Vidly.Service", "Vidly.Service\Vidly.Service.csproj", "{FEBB677F-E8CB-463B-9F8B-D73C43657D9A}"
EndProject
Global
	GlobalSection(SolutionConfigurationPlatforms) = preSolution
		Debug|Any CPU = Debug|Any CPU
		Release|Any CPU = Release|Any CPU
	EndGlobalSection
	GlobalSection(ProjectConfigurationPlatforms) = postSolution
		{8BF24220-AE8D-429F-9084-C509946399B0}.Debug|Any CPU.ActiveCfg = Debug|Any CPU
		{8BF24220-AE8D-429F-9084-C509946399B0}.Debug|Any CPU.Build.0 = Debug|Any CPU
		{8BF24220-AE8D-429F-9084-C509946399B0}.Release|Any CPU.ActiveCfg = Release|Any CPU
		{8BF24220-AE8D-429F-9084-C509946399B0}.Release|Any CPU.Build.0 = Release|Any CPU
		{C9814E5B-1099-4748-B8EF-7064CCB208AA}.Debug|Any CPU.ActiveCfg = Debug|Any CPU
		{C9814E5B-1099-4748-B8EF-7064CCB208AA}.Debug|Any CPU.Build.0 = Debug|Any CPU
		{C9814E5B-1099-4748-B8EF-7064CCB208AA}.Release|Any CPU.ActiveCfg = Release|Any CPU
		{C9814E5B-1099-4748-B8EF-7064CCB208AA}.Release|Any CPU.Build.0 = Release|Any CPU
		{53110B7D-5384-4210-869B-4CD3FF0AA435}.Debug|Any CPU.ActiveCfg = Debug|Any CPU
		{53110B7D-5384-4210-869B-4CD3FF0AA435}.Debug|Any CPU.Build.0 = Debug|Any CPU
		{53110B7D-5384-4210-869B-4CD3FF0AA435}.Release|Any CPU.ActiveCfg = Release|Any CPU
		{53110B7D-5384-4210-869B-4CD3FF0AA435}.Release|Any CPU.Build.0 = Release|Any CPU
		{FEBB677F-E8CB-463B-9F8B-D73C43657D9A}.Debug|Any CPU.ActiveCfg = Debug|Any CPU
		{FEBB677F-E8CB-463B-9F8B-D73C43657D9A}.Debug|Any CPU.Build.0 = Debug|Any CPU
		{FEBB677F-E8CB-463B-9F8B-D73C43657D9A}.Release|Any CPU.ActiveCfg = Release|Any CPU
		{FEBB677F-E8CB-463B-9F8B-D73C43657D9A}.Release|Any CPU.Build.0 = Release|Any CPU
	EndGlobalSection
	GlobalSection(SolutionProperties) = preSolution
		HideSolutionNode = FALSE
	EndGlobalSection
EndGlobal
